
Microsoft Visual Studio Solution File, Format Version 12.00
# Visual Studio Version 16
VisualStudioVersion = 16.0.29920.165
MinimumVisualStudioVersion = 10.0.40219.1
Project("{FAE04EC0-301F-11D3-BF4B-00C04F79EFBC}") = "FolderBrowserDialog.App", "FolderBrowserDialog.App\FolderBrowserDialog.App.csproj", "{0F5E1F93-5FA5-4BDE-B45A-C84726927596}"
EndProject
Project("{FAE04EC0-301F-11D3-BF4B-00C04F79EFBC}") = "FolderBrowserDialog.NetCore", "FolderBrowserDialog.NetCore\FolderBrowserDialog.NetCore.csproj", "{AC9F0053-BB88-43AD-9941-52168C222285}"
EndProject
Project("{FAE04EC0-301F-11D3-BF4B-00C04F79EFBC}") = "FolderBrowserDialog.Contracts", "FolderBrowserDialog.Contracts\FolderBrowserDialog.Contracts.csproj", "{88FA6308-F668-451B-837C-93FCA8916AFA}"
EndProject
Global
	GlobalSection(SolutionConfigurationPlatforms) = preSolution
		Debug|Any CPU = Debug|Any CPU
		Release|Any CPU = Release|Any CPU
	EndGlobalSection
	GlobalSection(ProjectConfigurationPlatforms) = postSolution
		{0F5E1F93-5FA5-4BDE-B45A-C84726927596}.Debug|Any CPU.ActiveCfg = Debug|Any CPU
		{0F5E1F93-5FA5-4BDE-B45A-C84726927596}.Debug|Any CPU.Build.0 = Debug|Any CPU
		{0F5E1F93-5FA5-4BDE-B45A-C84726927596}.Release|Any CPU.ActiveCfg = Release|Any CPU
		{0F5E1F93-5FA5-4BDE-B45A-C84726927596}.Release|Any CPU.Build.0 = Release|Any CPU
		{AC9F0053-BB88-43AD-9941-52168C222285}.Debug|Any CPU.ActiveCfg = Debug|Any CPU
		{AC9F0053-BB88-43AD-9941-52168C222285}.Debug|Any CPU.Build.0 = Debug|Any CPU
		{AC9F0053-BB88-43AD-9941-52168C222285}.Release|Any CPU.ActiveCfg = Release|Any CPU
		{AC9F0053-BB88-43AD-9941-52168C222285}.Release|Any CPU.Build.0 = Release|Any CPU
		{88FA6308-F668-451B-837C-93FCA8916AFA}.Debug|Any CPU.ActiveCfg = Debug|Any CPU
		{88FA6308-F668-451B-837C-93FCA8916AFA}.Debug|Any CPU.Build.0 = Debug|Any CPU
		{88FA6308-F668-451B-837C-93FCA8916AFA}.Release|Any CPU.ActiveCfg = Release|Any CPU
		{88FA6308-F668-451B-837C-93FCA8916AFA}.Release|Any CPU.Build.0 = Release|Any CPU
	EndGlobalSection
	GlobalSection(SolutionProperties) = preSolution
		HideSolutionNode = FALSE
	EndGlobalSection
	GlobalSection(ExtensibilityGlobals) = postSolution
		SolutionGuid = {C4A2B2FE-F23B-48BE-A846-69A62AF94BCF}
	EndGlobalSection
EndGlobal
